
Microsoft Visual Studio Solution File, Format Version 12.00
# Visual Studio Version 16
VisualStudioVersion = 16.0.29521.150
MinimumVisualStudioVersion = 10.0.40219.1
Project("{FAE04EC0-301F-11D3-BF4B-00C04F79EFBC}") = "Adventure.SDK", "Adventure.SDK\Adventure.SDK.csproj", "{345C5682-5057-4683-9B4D-3FBD041F59ED}"
EndProject
Global
	GlobalSection(SolutionConfigurationPlatforms) = preSolution
		Debug|Any CPU = Debug|Any CPU
		Release|Any CPU = Release|Any CPU
	EndGlobalSection
	GlobalSection(ProjectConfigurationPlatforms) = postSolution
		{345C5682-5057-4683-9B4D-3FBD041F59ED}.Debug|Any CPU.ActiveCfg = Debug|Any CPU
		{345C5682-5057-4683-9B4D-3FBD041F59ED}.Debug|Any CPU.Build.0 = Debug|Any CPU
		{345C5682-5057-4683-9B4D-3FBD041F59ED}.Release|Any CPU.ActiveCfg = Release|Any CPU
		{345C5682-5057-4683-9B4D-3FBD041F59ED}.Release|Any CPU.Build.0 = Release|Any CPU
	EndGlobalSection
	GlobalSection(SolutionProperties) = preSolution
		HideSolutionNode = FALSE
	EndGlobalSection
	GlobalSection(ExtensibilityGlobals) = postSolution
		SolutionGuid = {8912AA2A-EF90-41BD-8430-B196FF433F54}
	EndGlobalSection
EndGlobal
